
Microsoft Visual Studio Solution File, Format Version 12.00
# Visual Studio Version 17
VisualStudioVersion = 17.5.33516.290
MinimumVisualStudioVersion = 10.0.40219.1
Project("{9A19103F-16F7-4668-BE54-9A1E7A4F7556}") = "OnlineShopping.Web", "OnlineShopping.Web\OnlineShopping.Web.csproj", "{5AF1044C-6498-4599-A477-E2D834CFF403}"
EndProject
Project("{9A19103F-16F7-4668-BE54-9A1E7A4F7556}") = "ShopOnline.Api", "ShopOnline.Api\ShopOnline.Api.csproj", "{D354D786-2EB7-43E2-BB77-1A94C8BCD45F}"
EndProject
Project("{9A19103F-16F7-4668-BE54-9A1E7A4F7556}") = "OnlineShopping.Models", "OnlineShopping.Models\OnlineShopping.Models.csproj", "{4AF32AA7-CB43-46BB-A217-2BE37108BCDA}"
EndProject
Global
	GlobalSection(SolutionConfigurationPlatforms) = preSolution
		Debug|Any CPU = Debug|Any CPU
		Release|Any CPU = Release|Any CPU
	EndGlobalSection
	GlobalSection(ProjectConfigurationPlatforms) = postSolution
		{5AF1044C-6498-4599-A477-E2D834CFF403}.Debug|Any CPU.ActiveCfg = Debug|Any CPU
		{5AF1044C-6498-4599-A477-E2D834CFF403}.Debug|Any CPU.Build.0 = Debug|Any CPU
		{5AF1044C-6498-4599-A477-E2D834CFF403}.Release|Any CPU.ActiveCfg = Release|Any CPU
		{5AF1044C-6498-4599-A477-E2D834CFF403}.Release|Any CPU.Build.0 = Release|Any CPU
		{D354D786-2EB7-43E2-BB77-1A94C8BCD45F}.Debug|Any CPU.ActiveCfg = Debug|Any CPU
		{D354D786-2EB7-43E2-BB77-1A94C8BCD45F}.Debug|Any CPU.Build.0 = Debug|Any CPU
		{D354D786-2EB7-43E2-BB77-1A94C8BCD45F}.Release|Any CPU.ActiveCfg = Release|Any CPU
		{D354D786-2EB7-43E2-BB77-1A94C8BCD45F}.Release|Any CPU.Build.0 = Release|Any CPU
		{4AF32AA7-CB43-46BB-A217-2BE37108BCDA}.Debug|Any CPU.ActiveCfg = Debug|Any CPU
		{4AF32AA7-CB43-46BB-A217-2BE37108BCDA}.Debug|Any CPU.Build.0 = Debug|Any CPU
		{4AF32AA7-CB43-46BB-A217-2BE37108BCDA}.Release|Any CPU.ActiveCfg = Release|Any CPU
		{4AF32AA7-CB43-46BB-A217-2BE37108BCDA}.Release|Any CPU.Build.0 = Release|Any CPU
	EndGlobalSection
	GlobalSection(SolutionProperties) = preSolution
		HideSolutionNode = FALSE
	EndGlobalSection
	GlobalSection(ExtensibilityGlobals) = postSolution
		SolutionGuid = {EC2D002D-42BC-4904-9918-2E3382B23737}
	EndGlobalSection
EndGlobal
